
Microsoft Visual Studio Solution File, Format Version 12.00
# Visual Studio Version 16
VisualStudioVersion = 16.0.30503.244
MinimumVisualStudioVersion = 10.0.40219.1
Project("{FAE04EC0-301F-11D3-BF4B-00C04F79EFBC}") = "МатМетод1.0", "МатМетод1.0\МатМетод1.0.csproj", "{02461867-CCD5-4510-9C2B-2579FCA5D684}"
EndProject
Global
	GlobalSection(SolutionConfigurationPlatforms) = preSolution
		Debug|Any CPU = Debug|Any CPU
		Release|Any CPU = Release|Any CPU
	EndGlobalSection
	GlobalSection(ProjectConfigurationPlatforms) = postSolution
		{02461867-CCD5-4510-9C2B-2579FCA5D684}.Debug|Any CPU.ActiveCfg = Debug|Any CPU
		{02461867-CCD5-4510-9C2B-2579FCA5D684}.Debug|Any CPU.Build.0 = Debug|Any CPU
		{02461867-CCD5-4510-9C2B-2579FCA5D684}.Release|Any CPU.ActiveCfg = Release|Any CPU
		{02461867-CCD5-4510-9C2B-2579FCA5D684}.Release|Any CPU.Build.0 = Release|Any CPU
	EndGlobalSection
	GlobalSection(SolutionProperties) = preSolution
		HideSolutionNode = FALSE
	EndGlobalSection
	GlobalSection(ExtensibilityGlobals) = postSolution
		SolutionGuid = {F74526E8-CC29-4974-BC91-BEF3E66A6531}
	EndGlobalSection
EndGlobal
